
Microsoft Visual Studio Solution File, Format Version 12.00
# Visual Studio Version 16
VisualStudioVersion = 16.0.32228.343
MinimumVisualStudioVersion = 10.0.40219.1
Project("{FAE04EC0-301F-11D3-BF4B-00C04F79EFBC}") = "gehtsoft.xce.extension.dsformat", "gehtsoft.xce.extension.dsformat.csproj", "{9C35086D-337A-4375-A68B-6A55584E2B0B}"
EndProject
Global
	GlobalSection(SolutionConfigurationPlatforms) = preSolution
		Debug|Any CPU = Debug|Any CPU
		Release|Any CPU = Release|Any CPU
	EndGlobalSection
	GlobalSection(ProjectConfigurationPlatforms) = postSolution
		{9C35086D-337A-4375-A68B-6A55584E2B0B}.Debug|Any CPU.ActiveCfg = Debug|Any CPU
		{9C35086D-337A-4375-A68B-6A55584E2B0B}.Debug|Any CPU.Build.0 = Debug|Any CPU
		{9C35086D-337A-4375-A68B-6A55584E2B0B}.Release|Any CPU.ActiveCfg = Release|Any CPU
		{9C35086D-337A-4375-A68B-6A55584E2B0B}.Release|Any CPU.Build.0 = Release|Any CPU
	EndGlobalSection
	GlobalSection(SolutionProperties) = preSolution
		HideSolutionNode = FALSE
	EndGlobalSection
	GlobalSection(ExtensibilityGlobals) = postSolution
		SolutionGuid = {CC0D9C5D-C0DC-4C23-9F14-F0F7CB9B3F0A}
	EndGlobalSection
EndGlobal
